// !$*UTF8*$!
{
	archiveVersion = 1;
	classes = {
	};
	objectVersion = 46;
	objects = {

/* Begin PBXBuildFile section */
		769C03D61F16CD8600B3070B /* AppDelegate.swift in Sources */ = {isa = PBXBuildFile; fileRef = 769C03D51F16CD8600B3070B /* AppDelegate.swift */; };
		769C03D81F16CD8600B3070B /* ViewController.swift in Sources */ = {isa = PBXBuildFile; fileRef = 769C03D71F16CD8600B3070B /* ViewController.swift */; };
		769C03DB1F16CD8600B3070B /* Main.storyboard in Resources */ = {isa = PBXBuildFile; fileRef = 769C03D91F16CD8600B3070B /* Main.storyboard */; };
		769C03DD1F16CD8600B3070B /* Assets.xcassets in Resources */ = {isa = PBXBuildFile; fileRef = 769C03DC1F16CD8600B3070B /* Assets.xcassets */; };
		769C03E01F16CD8600B3070B /* LaunchScreen.storyboard in Resources */ = {isa = PBXBuildFile; fileRef = 769C03DE1F16CD8600B3070B /* LaunchScreen.storyboard */; };
		769C03E81F16D1DD00B3070B /* pokemon.csv in Resources */ = {isa = PBXBuildFile; fileRef = 769C03E71F16D1DD00B3070B /* pokemon.csv */; };
		769C03EB1F16D6E000B3070B /* Pokemon.swift in Sources */ = {isa = PBXBuildFile; fileRef = 769C03EA1F16D6E000B3070B /* Pokemon.swift */; };
		769C03EE1F181CD300B3070B /* PokeCell.swift in Sources */ = {isa = PBXBuildFile; fileRef = 769C03ED1F181CD300B3070B /* PokeCell.swift */; };
		769C03F01F1826B600B3070B /* csv.swift in Sources */ = {isa = PBXBuildFile; fileRef = 769C03EF1F1826B600B3070B /* csv.swift */; };
		769C03F21F1839C300B3070B /* Pokemon Solid.ttf in Resources */ = {isa = PBXBuildFile; fileRef = 769C03F11F1839C300B3070B /* Pokemon Solid.ttf */; };
		769C03F71F18501800B3070B /* music.png in Resources */ = {isa = PBXBuildFile; fileRef = 769C03F61F18501800B3070B /* music.png */; };
		769C03F91F18502100B3070B /* music.mp3 in Resources */ = {isa = PBXBuildFile; fileRef = 769C03F81F18502100B3070B /* music.mp3 */; };
		769C03FB1F196C7800B3070B /* PokemonDetailVC.swift in Sources */ = {isa = PBXBuildFile; fileRef = 769C03FA1F196C7800B3070B /* PokemonDetailVC.swift */; };
/* End PBXBuildFile section */

/* Begin PBXFileReference section */
		769C03D21F16CD8600B3070B /* Pokedex.app */ = {isa = PBXFileReference; explicitFileType = wrapper.application; includeInIndex = 0; path = Pokedex.app; sourceTree = BUILT_PRODUCTS_DIR; };
		769C03D51F16CD8600B3070B /* AppDelegate.swift */ = {isa = PBXFileReference; lastKnownFileType = sourcecode.swift; path = AppDelegate.swift; sourceTree = "<group>"; };
		769C03D71F16CD8600B3070B /* ViewController.swift */ = {isa = PBXFileReference; lastKnownFileType = sourcecode.swift; path = ViewController.swift; sourceTree = "<group>"; };
		769C03DA1F16CD8600B3070B /* Base */ = {isa = PBXFileReference; lastKnownFileType = file.storyboard; name = Base; path = Base.lproj/Main.storyboard; sourceTree = "<group>"; };
		769C03DC1F16CD8600B3070B /* Assets.xcassets */ = {isa = PBXFileReference; lastKnownFileType = folder.assetcatalog; path = Assets.xcassets; sourceTree = "<group>"; };
		769C03DF1F16CD8600B3070B /* Base */ = {isa = PBXFileReference; lastKnownFileType = file.storyboard; name = Base; path = Base.lproj/LaunchScreen.storyboard; sourceTree = "<group>"; };
		769C03E11F16CD8600B3070B /* Info.plist */ = {isa = PBXFileReference; lastKnownFileType = text.plist.xml; path = Info.plist; sourceTree = "<group>"; };
		769C03E71F16D1DD00B3070B /* pokemon.csv */ = {isa = PBXFileReference; fileEncoding = 4; lastKnownFileType = text; path = pokemon.csv; sourceTree = "<group>"; };
		769C03EA1F16D6E000B3070B /* Pokemon.swift */ = {isa = PBXFileReference; fileEncoding = 4; lastKnownFileType = sourcecode.swift; path = Pokemon.swift; sourceTree = "<group>"; };
		769C03ED1F181CD300B3070B /* PokeCell.swift */ = {isa = PBXFileReference; fileEncoding = 4; lastKnownFileType = sourcecode.swift; path = PokeCell.swift; sourceTree = "<group>"; };
		769C03EF1F1826B600B3070B /* csv.swift */ = {isa = PBXFileReference; fileEncoding = 4; lastKnownFileType = sourcecode.swift; path = csv.swift; sourceTree = "<group>"; };
		769C03F11F1839C300B3070B /* Pokemon Solid.ttf */ = {isa = PBXFileReference; lastKnownFileType = file; path = "Pokemon Solid.ttf"; sourceTree = "<group>"; };
		769C03F61F18501800B3070B /* music.png */ = {isa = PBXFileReference; lastKnownFileType = image.png; path = music.png; sourceTree = "<group>"; };
		769C03F81F18502100B3070B /* music.mp3 */ = {isa = PBXFileReference; lastKnownFileType = audio.mp3; path = music.mp3; sourceTree = "<group>"; };
		769C03FA1F196C7800B3070B /* PokemonDetailVC.swift */ = {isa = PBXFileReference; fileEncoding = 4; lastKnownFileType = sourcecode.swift; path = PokemonDetailVC.swift; sourceTree = "<group>"; };
/* End PBXFileReference section */

/* Begin PBXFrameworksBuildPhase section */
		769C03CF1F16CD8600B3070B /* Frameworks */ = {
			isa = PBXFrameworksBuildPhase;
			buildActionMask = 2147483647;
			files = (
			);
			runOnlyForDeploymentPostprocessing = 0;
		};
/* End PBXFrameworksBuildPhase section */

/* Begin PBXGroup section */
		769C03C91F16CD8600B3070B = {
			isa = PBXGroup;
			children = (
				769C03D41F16CD8600B3070B /* Pokedex */,
				769C03D31F16CD8600B3070B /* Products */,
			);
			sourceTree = "<group>";
		};
		769C03D31F16CD8600B3070B /* Products */ = {
			isa = PBXGroup;
			children = (
				769C03D21F16CD8600B3070B /* Pokedex.app */,
			);
			name = Products;
			sourceTree = "<group>";
		};
		769C03D41F16CD8600B3070B /* Pokedex */ = {
			isa = PBXGroup;
			children = (
				769C03E91F16D6AF00B3070B /* Model */,
				769C03EC1F181CAD00B3070B /* View */,
				769C03F51F183A3400B3070B /* Controller */,
				769C03F31F1839F100B3070B /* Resources */,
				769C03F41F183A0900B3070B /* Utilities */,
				769C03D51F16CD8600B3070B /* AppDelegate.swift */,
				769C03D91F16CD8600B3070B /* Main.storyboard */,
				769C03DC1F16CD8600B3070B /* Assets.xcassets */,
				769C03DE1F16CD8600B3070B /* LaunchScreen.storyboard */,
				769C03E11F16CD8600B3070B /* Info.plist */,
			);
			path = Pokedex;
			sourceTree = "<group>";
		};
		769C03E91F16D6AF00B3070B /* Model */ = {
			isa = PBXGroup;
			children = (
				769C03EA1F16D6E000B3070B /* Pokemon.swift */,
			);
			name = Model;
			sourceTree = "<group>";
		};
		769C03EC1F181CAD00B3070B /* View */ = {
			isa = PBXGroup;
			children = (
				769C03ED1F181CD300B3070B /* PokeCell.swift */,
				769C03FA1F196C7800B3070B /* PokemonDetailVC.swift */,
			);
			name = View;
			sourceTree = "<group>";
		};
		769C03F31F1839F100B3070B /* Resources */ = {
			isa = PBXGroup;
			children = (
				769C03F61F18501800B3070B /* music.png */,
				769C03F81F18502100B3070B /* music.mp3 */,
				769C03E71F16D1DD00B3070B /* pokemon.csv */,
				769C03F11F1839C300B3070B /* Pokemon Solid.ttf */,
			);
			name = Resources;
			sourceTree = "<group>";
		};
		769C03F41F183A0900B3070B /* Utilities */ = {
			isa = PBXGroup;
			children = (
				769C03EF1F1826B600B3070B /* csv.swift */,
			);
			name = Utilities;
			sourceTree = "<group>";
		};
		769C03F51F183A3400B3070B /* Controller */ = {
			isa = PBXGroup;
			children = (
				769C03D71F16CD8600B3070B /* ViewController.swift */,
			);
			name = Controller;
			sourceTree = "<group>";
		};
/* End PBXGroup section */

/* Begin PBXNativeTarget section */
		769C03D11F16CD8600B3070B /* Pokedex */ = {
			isa = PBXNativeTarget;
			buildConfigurationList = 769C03E41F16CD8600B3070B /* Build configuration list for PBXNativeTarget "Pokedex" */;
			buildPhases = (
				769C03CE1F16CD8600B3070B /* Sources */,
				769C03CF1F16CD8600B3070B /* Frameworks */,
				769C03D01F16CD8600B3070B /* Resources */,
			);
			buildRules = (
			);
			dependencies = (
			);
			name = Pokedex;
			productName = Pokedex;
			productReference = 769C03D21F16CD8600B3070B /* Pokedex.app */;
			productType = "com.apple.product-type.application";
		};
/* End PBXNativeTarget section */

/* Begin PBXProject section */
		769C03CA1F16CD8600B3070B /* Project object */ = {
			isa = PBXProject;
			attributes = {
				LastSwiftUpdateCheck = 0830;
				LastUpgradeCheck = 0830;
				ORGANIZATIONNAME = gomezja;
				TargetAttributes = {
					769C03D11F16CD8600B3070B = {
						CreatedOnToolsVersion = 8.3.3;
						LastSwiftMigration = 0830;
						ProvisioningStyle = Automatic;
					};
				};
			};
			buildConfigurationList = 769C03CD1F16CD8600B3070B /* Build configuration list for PBXProject "Pokedex" */;
			compatibilityVersion = "Xcode 3.2";
			developmentRegion = English;
			hasScannedForEncodings = 0;
			knownRegions = (
				en,
				Base,
			);
			mainGroup = 769C03C91F16CD8600B3070B;
			productRefGroup = 769C03D31F16CD8600B3070B /* Products */;
			projectDirPath = "";
			projectRoot = "";
			targets = (
				769C03D11F16CD8600B3070B /* Pokedex */,
			);
		};
/* End PBXProject section */

/* Begin PBXResourcesBuildPhase section */
		769C03D01F16CD8600B3070B /* Resources */ = {
			isa = PBXResourcesBuildPhase;
			buildActionMask = 2147483647;
			files = (
				769C03F21F1839C300B3070B /* Pokemon Solid.ttf in Resources */,
				769C03E01F16CD8600B3070B /* LaunchScreen.storyboard in Resources */,
				769C03DD1F16CD8600B3070B /* Assets.xcassets in Resources */,
				769C03E81F16D1DD00B3070B /* pokemon.csv in Resources */,
				769C03DB1F16CD8600B3070B /* Main.storyboard in Resources */,
				769C03F91F18502100B3070B /* music.mp3 in Resources */,
				769C03F71F18501800B3070B /* music.png in Resources */,
			);
			runOnlyForDeploymentPostprocessing = 0;
		};
/* End PBXResourcesBuildPhase section */

/* Begin PBXSourcesBuildPhase section */
		769C03CE1F16CD8600B3070B /* Sources */ = {
			isa = PBXSourcesBuildPhase;
			buildActionMask = 2147483647;
			files = (
				769C03EE1F181CD300B3070B /* PokeCell.swift in Sources */,
				769C03D81F16CD8600B3070B /* ViewController.swift in Sources */,
				769C03D61F16CD8600B3070B /* AppDelegate.swift in Sources */,
				769C03FB1F196C7800B3070B /* PokemonDetailVC.swift in Sources */,
				769C03EB1F16D6E000B3070B /* Pokemon.swift in Sources */,
				769C03F01F1826B600B3070B /* csv.swift in Sources */,
			);
			runOnlyForDeploymentPostprocessing = 0;
		};
/* End PBXSourcesBuildPhase section */

/* Begin PBXVariantGroup section */
		769C03D91F16CD8600B3070B /* Main.storyboard */ = {
			isa = PBXVariantGroup;
			children = (
				769C03DA1F16CD8600B3070B /* Base */,
			);
			name = Main.storyboard;
			sourceTree = "<group>";
		};
		769C03DE1F16CD8600B3070B /* LaunchScreen.storyboard */ = {
			isa = PBXVariantGroup;
			children = (
				769C03DF1F16CD8600B3070B /* Base */,
			);
			name = LaunchScreen.storyboard;
			sourceTree = "<group>";
		};
/* End PBXVariantGroup section */

/* Begin XCBuildConfiguration section */
		769C03E21F16CD8600B3070B /* Debug */ = {
			isa = XCBuildConfiguration;
			buildSettings = {
				ALWAYS_SEARCH_USER_PATHS = NO;
				CLANG_ANALYZER_NONNULL = YES;
				CLANG_ANALYZER_NUMBER_OBJECT_CONVERSION = YES_AGGRESSIVE;
				CLANG_CXX_LANGUAGE_STANDARD = "gnu++0x";
				CLANG_CXX_LIBRARY = "libc++";
				CLANG_ENABLE_MODULES = YES;
				CLANG_ENABLE_OBJC_ARC = YES;
				CLANG_WARN_BOOL_CONVERSION = YES;
				CLANG_WARN_CONSTANT_CONVERSION = YES;
				CLANG_WARN_DIRECT_OBJC_ISA_USAGE = YES_ERROR;
				CLANG_WARN_DOCUMENTATION_COMMENTS = YES;
				CLANG_WARN_EMPTY_BODY = YES;
				CLANG_WARN_ENUM_CONVERSION = YES;
				CLANG_WARN_INFINITE_RECURSION = YES;
				CLANG_WARN_INT_CONVERSION = YES;
				CLANG_WARN_OBJC_ROOT_CLASS = YES_ERROR;
				CLANG_WARN_SUSPICIOUS_MOVE = YES;
				CLANG_WARN_UNREACHABLE_CODE = YES;
				CLANG_WARN__DUPLICATE_METHOD_MATCH = YES;
				"CODE_SIGN_IDENTITY[sdk=iphoneos*]" = "iPhone Developer";
				COPY_PHASE_STRIP = NO;
				DEBUG_INFORMATION_FORMAT = dwarf;
				ENABLE_STRICT_OBJC_MSGSEND = YES;
				ENABLE_TESTABILITY = YES;
				GCC_C_LANGUAGE_STANDARD = gnu99;
				GCC_DYNAMIC_NO_PIC = NO;
				GCC_NO_COMMON_BLOCKS = YES;
				GCC_OPTIMIZATION_LEVEL = 0;
				GCC_PREPROCESSOR_DEFINITIONS = (
					"DEBUG=1",
					"$(inherited)",
				);
				GCC_WARN_64_TO_32_BIT_CONVERSION = YES;
				GCC_WARN_ABOUT_RETURN_TYPE = YES_ERROR;
				GCC_WARN_UNDECLARED_SELECTOR = YES;
				GCC_WARN_UNINITIALIZED_AUTOS = YES_AGGRESSIVE;
				GCC_WARN_UNUSED_FUNCTION = YES;
				GCC_WARN_UNUSED_VARIABLE = YES;
				IPHONEOS_DEPLOYMENT_TARGET = 10.3;
				MTL_ENABLE_DEBUG_INFO = YES;
				ONLY_ACTIVE_ARCH = YES;
				SDKROOT = iphoneos;
				SWIFT_ACTIVE_COMPILATION_CONDITIONS = DEBUG;
				SWIFT_OPTIMIZATION_LEVEL = "-Onone";
			};
			name = Debug;
		};
		769C03E31F16CD8600B3070B /* Release */ = {
			isa = XCBuildConfiguration;
			buildSettings = {
				ALWAYS_SEARCH_USER_PATHS = NO;
				CLANG_ANALYZER_NONNULL = YES;
				CLANG_ANALYZER_NUMBER_OBJECT_CONVERSION = YES_AGGRESSIVE;
				CLANG_CXX_LANGUAGE_STANDARD = "gnu++0x";
				CLANG_CXX_LIBRARY = "libc++";
				CLANG_ENABLE_MODULES = YES;
				CLANG_ENABLE_OBJC_ARC = YES;
				CLANG_WARN_BOOL_CONVERSION = YES;
				CLANG_WARN_CONSTANT_CONVERSION = YES;
				CLANG_WARN_DIRECT_OBJC_ISA_USAGE = YES_ERROR;
				CLANG_WARN_DOCUMENTATION_COMMENTS = YES;
				CLANG_WARN_EMPTY_BODY = YES;
				CLANG_WARN_ENUM_CONVERSION = YES;
				CLANG_WARN_INFINITE_RECURSION = YES;
				CLANG_WARN_INT_CONVERSION = YES;
				CLANG_WARN_OBJC_ROOT_CLASS = YES_ERROR;
				CLANG_WARN_SUSPICIOUS_MOVE = YES;
				CLANG_WARN_UNREACHABLE_CODE = YES;
				CLANG_WARN__DUPLICATE_METHOD_MATCH = YES;
				"CODE_SIGN_IDENTITY[sdk=iphoneos*]" = "iPhone Developer";
				COPY_PHASE_STRIP = NO;
				DEBUG_INFORMATION_FORMAT = "dwarf-with-dsym";
				ENABLE_NS_ASSERTIONS = NO;
				ENABLE_STRICT_OBJC_MSGSEND = YES;
				GCC_C_LANGUAGE_STANDARD = gnu99;
				GCC_NO_COMMON_BLOCKS = YES;
				GCC_WARN_64_TO_32_BIT_CONVERSION = YES;
				GCC_WARN_ABOUT_RETURN_TYPE = YES_ERROR;
				GCC_WARN_UNDECLARED_SELECTOR = YES;
				GCC_WARN_UNINITIALIZED_AUTOS = YES_AGGRESSIVE;
				GCC_WARN_UNUSED_FUNCTION = YES;
				GCC_WARN_UNUSED_VARIABLE = YES;
				IPHONEOS_DEPLOYMENT_TARGET = 10.3;
				MTL_ENABLE_DEBUG_INFO = NO;
				SDKROOT = iphoneos;
				SWIFT_OPTIMIZATION_LEVEL = "-Owholemodule";
				VALIDATE_PRODUCT = YES;
			};
			name = Release;
		};
		769C03E51F16CD8600B3070B /* Debug */ = {
			isa = XCBuildConfiguration;
			buildSettings = {
				ASSETCATALOG_COMPILER_APPICON_NAME = AppIcon;
				INFOPLIST_FILE = Pokedex/Info.plist;
				LD_RUNPATH_SEARCH_PATHS = "$(inherited) @executable_path/Frameworks";
				PRODUCT_BUNDLE_IDENTIFIER = abc.Pokedex;
				PRODUCT_NAME = "$(TARGET_NAME)";
				SWIFT_VERSION = 3.0;
			};
			name = Debug;
		};
		769C03E61F16CD8600B3070B /* Release */ = {
			isa = XCBuildConfiguration;
			buildSettings = {
				ASSETCATALOG_COMPILER_APPICON_NAME = AppIcon;
				INFOPLIST_FILE = Pokedex/Info.plist;
				LD_RUNPATH_SEARCH_PATHS = "$(inherited) @executable_path/Frameworks";
				PRODUCT_BUNDLE_IDENTIFIER = abc.Pokedex;
				PRODUCT_NAME = "$(TARGET_NAME)";
				SWIFT_VERSION = 3.0;
			};
			name = Release;
		};
/* End XCBuildConfiguration section */

/* Begin XCConfigurationList section */
		769C03CD1F16CD8600B3070B /* Build configuration list for PBXProject "Pokedex" */ = {
			isa = XCConfigurationList;
			buildConfigurations = (
				769C03E21F16CD8600B3070B /* Debug */,
				769C03E31F16CD8600B3070B /* Release */,
			);
			defaultConfigurationIsVisible = 0;
			defaultConfigurationName = Release;
		};
		769C03E41F16CD8600B3070B /* Build configuration list for PBXNativeTarget "Pokedex" */ = {
			isa = XCConfigurationList;
			buildConfigurations = (
				769C03E51F16CD8600B3070B /* Debug */,
				769C03E61F16CD8600B3070B /* Release */,
			);
			defaultConfigurationIsVisible = 0;
			defaultConfigurationName = Release;
		};
/* End XCConfigurationList section */
	};
	rootObject = 769C03CA1F16CD8600B3070B /* Project object */;
}
